
Microsoft Visual Studio Solution File, Format Version 12.00
# Visual Studio 2013
VisualStudioVersion = 12.0.21005.1
MinimumVisualStudioVersion = 10.0.40219.1
Project("{FAE04EC0-301F-11D3-BF4B-00C04F79EFBC}") = "PrintStat", "PrintStat\PrintStat.csproj", "{4BE4A606-AD4A-475F-A906-F7A465DC11C5}"
EndProject
Project("{FAE04EC0-301F-11D3-BF4B-00C04F79EFBC}") = "PrintStat.Tests", "PrintStat.Tests\PrintStat.Tests.csproj", "{97C0D7E4-EE13-4C49-B7C9-8F900EBB5960}"
EndProject
Global
	GlobalSection(SolutionConfigurationPlatforms) = preSolution
		Debug|Any CPU = Debug|Any CPU
		Release|Any CPU = Release|Any CPU
	EndGlobalSection
	GlobalSection(ProjectConfigurationPlatforms) = postSolution
		{4BE4A606-AD4A-475F-A906-F7A465DC11C5}.Debug|Any CPU.ActiveCfg = Debug|Any CPU
		{4BE4A606-AD4A-475F-A906-F7A465DC11C5}.Debug|Any CPU.Build.0 = Debug|Any CPU
		{4BE4A606-AD4A-475F-A906-F7A465DC11C5}.Release|Any CPU.ActiveCfg = Release|Any CPU
		{4BE4A606-AD4A-475F-A906-F7A465DC11C5}.Release|Any CPU.Build.0 = Release|Any CPU
		{97C0D7E4-EE13-4C49-B7C9-8F900EBB5960}.Debug|Any CPU.ActiveCfg = Debug|Any CPU
		{97C0D7E4-EE13-4C49-B7C9-8F900EBB5960}.Debug|Any CPU.Build.0 = Debug|Any CPU
		{97C0D7E4-EE13-4C49-B7C9-8F900EBB5960}.Release|Any CPU.ActiveCfg = Release|Any CPU
		{97C0D7E4-EE13-4C49-B7C9-8F900EBB5960}.Release|Any CPU.Build.0 = Release|Any CPU
	EndGlobalSection
	GlobalSection(SolutionProperties) = preSolution
		HideSolutionNode = FALSE
	EndGlobalSection
EndGlobal
